
Microsoft Visual Studio Solution File, Format Version 12.00
# Visual Studio Version 16
VisualStudioVersion = 16.0.30523.141
MinimumVisualStudioVersion = 10.0.40219.1
Project("{FAE04EC0-301F-11D3-BF4B-00C04F79EFBC}") = "randomPlatformerForm", "randomPlatformerForm\randomPlatformerForm.csproj", "{D536DC7F-36AE-4258-BD93-6791188BCF8A}"
EndProject
Global
	GlobalSection(SolutionConfigurationPlatforms) = preSolution
		Debug|Any CPU = Debug|Any CPU
		Release|Any CPU = Release|Any CPU
	EndGlobalSection
	GlobalSection(ProjectConfigurationPlatforms) = postSolution
		{D536DC7F-36AE-4258-BD93-6791188BCF8A}.Debug|Any CPU.ActiveCfg = Debug|Any CPU
		{D536DC7F-36AE-4258-BD93-6791188BCF8A}.Debug|Any CPU.Build.0 = Debug|Any CPU
		{D536DC7F-36AE-4258-BD93-6791188BCF8A}.Release|Any CPU.ActiveCfg = Release|Any CPU
		{D536DC7F-36AE-4258-BD93-6791188BCF8A}.Release|Any CPU.Build.0 = Release|Any CPU
	EndGlobalSection
	GlobalSection(SolutionProperties) = preSolution
		HideSolutionNode = FALSE
	EndGlobalSection
	GlobalSection(ExtensibilityGlobals) = postSolution
		SolutionGuid = {2C86E6D0-F3A9-4CEC-9937-70E2AFA8E44E}
	EndGlobalSection
EndGlobal
